// !$*UTF8*$!
{
	archiveVersion = 1;
	classes = {
	};
	objectVersion = 50;
	objects = {

/* Begin PBXBuildFile section */
		1F8D53FB244660670040EA01 /* AppDelegate.swift in Sources */ = {isa = PBXBuildFile; fileRef = 1F8D53FA244660670040EA01 /* AppDelegate.swift */; };
		1F8D53FD244660670040EA01 /* SceneDelegate.swift in Sources */ = {isa = PBXBuildFile; fileRef = 1F8D53FC244660670040EA01 /* SceneDelegate.swift */; };
		1F8D53FF244660670040EA01 /* ViewController.swift in Sources */ = {isa = PBXBuildFile; fileRef = 1F8D53FE244660670040EA01 /* ViewController.swift */; };
		1F8D5402244660670040EA01 /* Main.storyboard in Resources */ = {isa = PBXBuildFile; fileRef = 1F8D5400244660670040EA01 /* Main.storyboard */; };
		1F8D5404244660690040EA01 /* Assets.xcassets in Resources */ = {isa = PBXBuildFile; fileRef = 1F8D5403244660690040EA01 /* Assets.xcassets */; };
		1F8D5407244660690040EA01 /* LaunchScreen.storyboard in Resources */ = {isa = PBXBuildFile; fileRef = 1F8D5405244660690040EA01 /* LaunchScreen.storyboard */; };
		1F8D5412244660690040EA01 /* LoginTests.swift in Sources */ = {isa = PBXBuildFile; fileRef = 1F8D5411244660690040EA01 /* LoginTests.swift */; };
		1F8D541D244660690040EA01 /* LoginUITests.swift in Sources */ = {isa = PBXBuildFile; fileRef = 1F8D541C244660690040EA01 /* LoginUITests.swift */; };
/* End PBXBuildFile section */

/* Begin PBXContainerItemProxy section */
		1F8D540E244660690040EA01 /* PBXContainerItemProxy */ = {
			isa = PBXContainerItemProxy;
			containerPortal = 1F8D53EF244660670040EA01 /* Project object */;
			proxyType = 1;
			remoteGlobalIDString = 1F8D53F6244660670040EA01;
			remoteInfo = Login;
		};
		1F8D5419244660690040EA01 /* PBXContainerItemProxy */ = {
			isa = PBXContainerItemProxy;
			containerPortal = 1F8D53EF244660670040EA01 /* Project object */;
			proxyType = 1;
			remoteGlobalIDString = 1F8D53F6244660670040EA01;
			remoteInfo = Login;
		};
/* End PBXContainerItemProxy section */

/* Begin PBXFileReference section */
		1F8D53F7244660670040EA01 /* Login.app */ = {isa = PBXFileReference; explicitFileType = wrapper.application; includeInIndex = 0; path = Login.app; sourceTree = BUILT_PRODUCTS_DIR; };
		1F8D53FA244660670040EA01 /* AppDelegate.swift */ = {isa = PBXFileReference; lastKnownFileType = sourcecode.swift; path = AppDelegate.swift; sourceTree = "<group>"; };
		1F8D53FC244660670040EA01 /* SceneDelegate.swift */ = {isa = PBXFileReference; lastKnownFileType = sourcecode.swift; path = SceneDelegate.swift; sourceTree = "<group>"; };
		1F8D53FE244660670040EA01 /* ViewController.swift */ = {isa = PBXFileReference; lastKnownFileType = sourcecode.swift; path = ViewController.swift; sourceTree = "<group>"; };
		1F8D5401244660670040EA01 /* Base */ = {isa = PBXFileReference; lastKnownFileType = file.storyboard; name = Base; path = Base.lproj/Main.storyboard; sourceTree = "<group>"; };
		1F8D5403244660690040EA01 /* Assets.xcassets */ = {isa = PBXFileReference; lastKnownFileType = folder.assetcatalog; path = Assets.xcassets; sourceTree = "<group>"; };
		1F8D5406244660690040EA01 /* Base */ = {isa = PBXFileReference; lastKnownFileType = file.storyboard; name = Base; path = Base.lproj/LaunchScreen.storyboard; sourceTree = "<group>"; };
		1F8D5408244660690040EA01 /* Info.plist */ = {isa = PBXFileReference; lastKnownFileType = text.plist.xml; path = Info.plist; sourceTree = "<group>"; };
		1F8D540D244660690040EA01 /* LoginTests.xctest */ = {isa = PBXFileReference; explicitFileType = wrapper.cfbundle; includeInIndex = 0; path = LoginTests.xctest; sourceTree = BUILT_PRODUCTS_DIR; };
		1F8D5411244660690040EA01 /* LoginTests.swift */ = {isa = PBXFileReference; lastKnownFileType = sourcecode.swift; path = LoginTests.swift; sourceTree = "<group>"; };
		1F8D5413244660690040EA01 /* Info.plist */ = {isa = PBXFileReference; lastKnownFileType = text.plist.xml; path = Info.plist; sourceTree = "<group>"; };
		1F8D5418244660690040EA01 /* LoginUITests.xctest */ = {isa = PBXFileReference; explicitFileType = wrapper.cfbundle; includeInIndex = 0; path = LoginUITests.xctest; sourceTree = BUILT_PRODUCTS_DIR; };
		1F8D541C244660690040EA01 /* LoginUITests.swift */ = {isa = PBXFileReference; lastKnownFileType = sourcecode.swift; path = LoginUITests.swift; sourceTree = "<group>"; };
		1F8D541E244660690040EA01 /* Info.plist */ = {isa = PBXFileReference; lastKnownFileType = text.plist.xml; path = Info.plist; sourceTree = "<group>"; };
/* End PBXFileReference section */

/* Begin PBXFrameworksBuildPhase section */
		1F8D53F4244660670040EA01 /* Frameworks */ = {
			isa = PBXFrameworksBuildPhase;
			buildActionMask = 2147483647;
			files = (
			);
			runOnlyForDeploymentPostprocessing = 0;
		};
		1F8D540A244660690040EA01 /* Frameworks */ = {
			isa = PBXFrameworksBuildPhase;
			buildActionMask = 2147483647;
			files = (
			);
			runOnlyForDeploymentPostprocessing = 0;
		};
		1F8D5415244660690040EA01 /* Frameworks */ = {
			isa = PBXFrameworksBuildPhase;
			buildActionMask = 2147483647;
			files = (
			);
			runOnlyForDeploymentPostprocessing = 0;
		};
/* End PBXFrameworksBuildPhase section */

/* Begin PBXGroup section */
		1F8D53EE244660670040EA01 = {
			isa = PBXGroup;
			children = (
				1F8D53F9244660670040EA01 /* Login */,
				1F8D5410244660690040EA01 /* LoginTests */,
				1F8D541B244660690040EA01 /* LoginUITests */,
				1F8D53F8244660670040EA01 /* Products */,
			);
			sourceTree = "<group>";
		};
		1F8D53F8244660670040EA01 /* Products */ = {
			isa = PBXGroup;
			children = (
				1F8D53F7244660670040EA01 /* Login.app */,
				1F8D540D244660690040EA01 /* LoginTests.xctest */,
				1F8D5418244660690040EA01 /* LoginUITests.xctest */,
			);
			name = Products;
			sourceTree = "<group>";
		};
		1F8D53F9244660670040EA01 /* Login */ = {
			isa = PBXGroup;
			children = (
				1F8D53FA244660670040EA01 /* AppDelegate.swift */,
				1F8D53FC244660670040EA01 /* SceneDelegate.swift */,
				1F8D53FE244660670040EA01 /* ViewController.swift */,
				1F8D5400244660670040EA01 /* Main.storyboard */,
				1F8D5403244660690040EA01 /* Assets.xcassets */,
				1F8D5405244660690040EA01 /* LaunchScreen.storyboard */,
				1F8D5408244660690040EA01 /* Info.plist */,
			);
			path = Login;
			sourceTree = "<group>";
		};
		1F8D5410244660690040EA01 /* LoginTests */ = {
			isa = PBXGroup;
			children = (
				1F8D5411244660690040EA01 /* LoginTests.swift */,
				1F8D5413244660690040EA01 /* Info.plist */,
			);
			path = LoginTests;
			sourceTree = "<group>";
		};
		1F8D541B244660690040EA01 /* LoginUITests */ = {
			isa = PBXGroup;
			children = (
				1F8D541C244660690040EA01 /* LoginUITests.swift */,
				1F8D541E244660690040EA01 /* Info.plist */,
			);
			path = LoginUITests;
			sourceTree = "<group>";
		};
/* End PBXGroup section */

/* Begin PBXNativeTarget section */
		1F8D53F6244660670040EA01 /* Login */ = {
			isa = PBXNativeTarget;
			buildConfigurationList = 1F8D5421244660690040EA01 /* Build configuration list for PBXNativeTarget "Login" */;
			buildPhases = (
				1F8D53F3244660670040EA01 /* Sources */,
				1F8D53F4244660670040EA01 /* Frameworks */,
				1F8D53F5244660670040EA01 /* Resources */,
			);
			buildRules = (
			);
			dependencies = (
			);
			name = Login;
			productName = Login;
			productReference = 1F8D53F7244660670040EA01 /* Login.app */;
			productType = "com.apple.product-type.application";
		};
		1F8D540C244660690040EA01 /* LoginTests */ = {
			isa = PBXNativeTarget;
			buildConfigurationList = 1F8D5424244660690040EA01 /* Build configuration list for PBXNativeTarget "LoginTests" */;
			buildPhases = (
				1F8D5409244660690040EA01 /* Sources */,
				1F8D540A244660690040EA01 /* Frameworks */,
				1F8D540B244660690040EA01 /* Resources */,
			);
			buildRules = (
			);
			dependencies = (
				1F8D540F244660690040EA01 /* PBXTargetDependency */,
			);
			name = LoginTests;
			productName = LoginTests;
			productReference = 1F8D540D244660690040EA01 /* LoginTests.xctest */;
			productType = "com.apple.product-type.bundle.unit-test";
		};
		1F8D5417244660690040EA01 /* LoginUITests */ = {
			isa = PBXNativeTarget;
			buildConfigurationList = 1F8D5427244660690040EA01 /* Build configuration list for PBXNativeTarget "LoginUITests" */;
			buildPhases = (
				1F8D5414244660690040EA01 /* Sources */,
				1F8D5415244660690040EA01 /* Frameworks */,
				1F8D5416244660690040EA01 /* Resources */,
			);
			buildRules = (
			);
			dependencies = (
				1F8D541A244660690040EA01 /* PBXTargetDependency */,
			);
			name = LoginUITests;
			productName = LoginUITests;
			productReference = 1F8D5418244660690040EA01 /* LoginUITests.xctest */;
			productType = "com.apple.product-type.bundle.ui-testing";
		};
/* End PBXNativeTarget section */

/* Begin PBXProject section */
		1F8D53EF244660670040EA01 /* Project object */ = {
			isa = PBXProject;
			attributes = {
				LastSwiftUpdateCheck = 1140;
				LastUpgradeCheck = 1140;
				ORGANIZATIONNAME = "Shawn Bierman";
				TargetAttributes = {
					1F8D53F6244660670040EA01 = {
						CreatedOnToolsVersion = 11.4;
					};
					1F8D540C244660690040EA01 = {
						CreatedOnToolsVersion = 11.4;
						TestTargetID = 1F8D53F6244660670040EA01;
					};
					1F8D5417244660690040EA01 = {
						CreatedOnToolsVersion = 11.4;
						TestTargetID = 1F8D53F6244660670040EA01;
					};
				};
			};
			buildConfigurationList = 1F8D53F2244660670040EA01 /* Build configuration list for PBXProject "Login" */;
			compatibilityVersion = "Xcode 9.3";
			developmentRegion = en;
			hasScannedForEncodings = 0;
			knownRegions = (
				en,
				Base,
			);
			mainGroup = 1F8D53EE244660670040EA01;
			productRefGroup = 1F8D53F8244660670040EA01 /* Products */;
			projectDirPath = "";
			projectRoot = "";
			targets = (
				1F8D53F6244660670040EA01 /* Login */,
				1F8D540C244660690040EA01 /* LoginTests */,
				1F8D5417244660690040EA01 /* LoginUITests */,
			);
		};
/* End PBXProject section */

/* Begin PBXResourcesBuildPhase section */
		1F8D53F5244660670040EA01 /* Resources */ = {
			isa = PBXResourcesBuildPhase;
			buildActionMask = 2147483647;
			files = (
				1F8D5407244660690040EA01 /* LaunchScreen.storyboard in Resources */,
				1F8D5404244660690040EA01 /* Assets.xcassets in Resources */,
				1F8D5402244660670040EA01 /* Main.storyboard in Resources */,
			);
			runOnlyForDeploymentPostprocessing = 0;
		};
		1F8D540B244660690040EA01 /* Resources */ = {
			isa = PBXResourcesBuildPhase;
			buildActionMask = 2147483647;
			files = (
			);
			runOnlyForDeploymentPostprocessing = 0;
		};
		1F8D5416244660690040EA01 /* Resources */ = {
			isa = PBXResourcesBuildPhase;
			buildActionMask = 2147483647;
			files = (
			);
			runOnlyForDeploymentPostprocessing = 0;
		};
/* End PBXResourcesBuildPhase section */

/* Begin PBXSourcesBuildPhase section */
		1F8D53F3244660670040EA01 /* Sources */ = {
			isa = PBXSourcesBuildPhase;
			buildActionMask = 2147483647;
			files = (
				1F8D53FF244660670040EA01 /* ViewController.swift in Sources */,
				1F8D53FB244660670040EA01 /* AppDelegate.swift in Sources */,
				1F8D53FD244660670040EA01 /* SceneDelegate.swift in Sources */,
			);
			runOnlyForDeploymentPostprocessing = 0;
		};
		1F8D5409244660690040EA01 /* Sources */ = {
			isa = PBXSourcesBuildPhase;
			buildActionMask = 2147483647;
			files = (
				1F8D5412244660690040EA01 /* LoginTests.swift in Sources */,
			);
			runOnlyForDeploymentPostprocessing = 0;
		};
		1F8D5414244660690040EA01 /* Sources */ = {
			isa = PBXSourcesBuildPhase;
			buildActionMask = 2147483647;
			files = (
				1F8D541D244660690040EA01 /* LoginUITests.swift in Sources */,
			);
			runOnlyForDeploymentPostprocessing = 0;
		};
/* End PBXSourcesBuildPhase section */

/* Begin PBXTargetDependency section */
		1F8D540F244660690040EA01 /* PBXTargetDependency */ = {
			isa = PBXTargetDependency;
			target = 1F8D53F6244660670040EA01 /* Login */;
			targetProxy = 1F8D540E244660690040EA01 /* PBXContainerItemProxy */;
		};
		1F8D541A244660690040EA01 /* PBXTargetDependency */ = {
			isa = PBXTargetDependency;
			target = 1F8D53F6244660670040EA01 /* Login */;
			targetProxy = 1F8D5419244660690040EA01 /* PBXContainerItemProxy */;
		};
/* End PBXTargetDependency section */

/* Begin PBXVariantGroup section */
		1F8D5400244660670040EA01 /* Main.storyboard */ = {
			isa = PBXVariantGroup;
			children = (
				1F8D5401244660670040EA01 /* Base */,
			);
			name = Main.storyboard;
			sourceTree = "<group>";
		};
		1F8D5405244660690040EA01 /* LaunchScreen.storyboard */ = {
			isa = PBXVariantGroup;
			children = (
				1F8D5406244660690040EA01 /* Base */,
			);
			name = LaunchScreen.storyboard;
			sourceTree = "<group>";
		};
/* End PBXVariantGroup section */

/* Begin XCBuildConfiguration section */
		1F8D541F244660690040EA01 /* Debug */ = {
			isa = XCBuildConfiguration;
			buildSettings = {
				ALWAYS_SEARCH_USER_PATHS = NO;
				CLANG_ANALYZER_NONNULL = YES;
				CLANG_ANALYZER_NUMBER_OBJECT_CONVERSION = YES_AGGRESSIVE;
				CLANG_CXX_LANGUAGE_STANDARD = "gnu++14";
				CLANG_CXX_LIBRARY = "libc++";
				CLANG_ENABLE_MODULES = YES;
				CLANG_ENABLE_OBJC_ARC = YES;
				CLANG_ENABLE_OBJC_WEAK = YES;
				CLANG_WARN_BLOCK_CAPTURE_AUTORELEASING = YES;
				CLANG_WARN_BOOL_CONVERSION = YES;
				CLANG_WARN_COMMA = YES;
				CLANG_WARN_CONSTANT_CONVERSION = YES;
				CLANG_WARN_DEPRECATED_OBJC_IMPLEMENTATIONS = YES;
				CLANG_WARN_DIRECT_OBJC_ISA_USAGE = YES_ERROR;
				CLANG_WARN_DOCUMENTATION_COMMENTS = YES;
				CLANG_WARN_EMPTY_BODY = YES;
				CLANG_WARN_ENUM_CONVERSION = YES;
				CLANG_WARN_INFINITE_RECURSION = YES;
				CLANG_WARN_INT_CONVERSION = YES;
				CLANG_WARN_NON_LITERAL_NULL_CONVERSION = YES;
				CLANG_WARN_OBJC_IMPLICIT_RETAIN_SELF = YES;
				CLANG_WARN_OBJC_LITERAL_CONVERSION = YES;
				CLANG_WARN_OBJC_ROOT_CLASS = YES_ERROR;
				CLANG_WARN_RANGE_LOOP_ANALYSIS = YES;
				CLANG_WARN_STRICT_PROTOTYPES = YES;
				CLANG_WARN_SUSPICIOUS_MOVE = YES;
				CLANG_WARN_UNGUARDED_AVAILABILITY = YES_AGGRESSIVE;
				CLANG_WARN_UNREACHABLE_CODE = YES;
				CLANG_WARN__DUPLICATE_METHOD_MATCH = YES;
				COPY_PHASE_STRIP = NO;
				DEBUG_INFORMATION_FORMAT = dwarf;
				ENABLE_STRICT_OBJC_MSGSEND = YES;
				ENABLE_TESTABILITY = YES;
				GCC_C_LANGUAGE_STANDARD = gnu11;
				GCC_DYNAMIC_NO_PIC = NO;
				GCC_NO_COMMON_BLOCKS = YES;
				GCC_OPTIMIZATION_LEVEL = 0;
				GCC_PREPROCESSOR_DEFINITIONS = (
					"DEBUG=1",
					"$(inherited)",
				);
				GCC_WARN_64_TO_32_BIT_CONVERSION = YES;
				GCC_WARN_ABOUT_RETURN_TYPE = YES_ERROR;
				GCC_WARN_UNDECLARED_SELECTOR = YES;
				GCC_WARN_UNINITIALIZED_AUTOS = YES_AGGRESSIVE;
				GCC_WARN_UNUSED_FUNCTION = YES;
				GCC_WARN_UNUSED_VARIABLE = YES;
				IPHONEOS_DEPLOYMENT_TARGET = 13.4;
				MTL_ENABLE_DEBUG_INFO = INCLUDE_SOURCE;
				MTL_FAST_MATH = YES;
				ONLY_ACTIVE_ARCH = YES;
				SDKROOT = iphoneos;
				SWIFT_ACTIVE_COMPILATION_CONDITIONS = DEBUG;
				SWIFT_OPTIMIZATION_LEVEL = "-Onone";
			};
			name = Debug;
		};
		1F8D5420244660690040EA01 /* Release */ = {
			isa = XCBuildConfiguration;
			buildSettings = {
				ALWAYS_SEARCH_USER_PATHS = NO;
				CLANG_ANALYZER_NONNULL = YES;
				CLANG_ANALYZER_NUMBER_OBJECT_CONVERSION = YES_AGGRESSIVE;
				CLANG_CXX_LANGUAGE_STANDARD = "gnu++14";
				CLANG_CXX_LIBRARY = "libc++";
				CLANG_ENABLE_MODULES = YES;
				CLANG_ENABLE_OBJC_ARC = YES;
				CLANG_ENABLE_OBJC_WEAK = YES;
				CLANG_WARN_BLOCK_CAPTURE_AUTORELEASING = YES;
				CLANG_WARN_BOOL_CONVERSION = YES;
				CLANG_WARN_COMMA = YES;
				CLANG_WARN_CONSTANT_CONVERSION = YES;
				CLANG_WARN_DEPRECATED_OBJC_IMPLEMENTATIONS = YES;
				CLANG_WARN_DIRECT_OBJC_ISA_USAGE = YES_ERROR;
				CLANG_WARN_DOCUMENTATION_COMMENTS = YES;
				CLANG_WARN_EMPTY_BODY = YES;
				CLANG_WARN_ENUM_CONVERSION = YES;
				CLANG_WARN_INFINITE_RECURSION = YES;
				CLANG_WARN_INT_CONVERSION = YES;
				CLANG_WARN_NON_LITERAL_NULL_CONVERSION = YES;
				CLANG_WARN_OBJC_IMPLICIT_RETAIN_SELF = YES;
				CLANG_WARN_OBJC_LITERAL_CONVERSION = YES;
				CLANG_WARN_OBJC_ROOT_CLASS = YES_ERROR;
				CLANG_WARN_RANGE_LOOP_ANALYSIS = YES;
				CLANG_WARN_STRICT_PROTOTYPES = YES;
				CLANG_WARN_SUSPICIOUS_MOVE = YES;
				CLANG_WARN_UNGUARDED_AVAILABILITY = YES_AGGRESSIVE;
				CLANG_WARN_UNREACHABLE_CODE = YES;
				CLANG_WARN__DUPLICATE_METHOD_MATCH = YES;
				COPY_PHASE_STRIP = NO;
				DEBUG_INFORMATION_FORMAT = "dwarf-with-dsym";
				ENABLE_NS_ASSERTIONS = NO;
				ENABLE_STRICT_OBJC_MSGSEND = YES;
				GCC_C_LANGUAGE_STANDARD = gnu11;
				GCC_NO_COMMON_BLOCKS = YES;
				GCC_WARN_64_TO_32_BIT_CONVERSION = YES;
				GCC_WARN_ABOUT_RETURN_TYPE = YES_ERROR;
				GCC_WARN_UNDECLARED_SELECTOR = YES;
				GCC_WARN_UNINITIALIZED_AUTOS = YES_AGGRESSIVE;
				GCC_WARN_UNUSED_FUNCTION = YES;
				GCC_WARN_UNUSED_VARIABLE = YES;
				IPHONEOS_DEPLOYMENT_TARGET = 13.4;
				MTL_ENABLE_DEBUG_INFO = NO;
				MTL_FAST_MATH = YES;
				SDKROOT = iphoneos;
				SWIFT_COMPILATION_MODE = wholemodule;
				SWIFT_OPTIMIZATION_LEVEL = "-O";
				VALIDATE_PRODUCT = YES;
			};
			name = Release;
		};
		1F8D5422244660690040EA01 /* Debug */ = {
			isa = XCBuildConfiguration;
			buildSettings = {
				ASSETCATALOG_COMPILER_APPICON_NAME = AppIcon;
				CODE_SIGN_STYLE = Automatic;
				DEVELOPMENT_TEAM = TQPTGGXQ34;
				INFOPLIST_FILE = Login/Info.plist;
				LD_RUNPATH_SEARCH_PATHS = (
					"$(inherited)",
					"@executable_path/Frameworks",
				);
				PRODUCT_BUNDLE_IDENTIFIER = com.shawnbierman.Login;
				PRODUCT_NAME = "$(TARGET_NAME)";
				SWIFT_VERSION = 5.0;
				TARGETED_DEVICE_FAMILY = "1,2";
			};
			name = Debug;
		};
		1F8D5423244660690040EA01 /* Release */ = {
			isa = XCBuildConfiguration;
			buildSettings = {
				ASSETCATALOG_COMPILER_APPICON_NAME = AppIcon;
				CODE_SIGN_STYLE = Automatic;
				DEVELOPMENT_TEAM = TQPTGGXQ34;
				INFOPLIST_FILE = Login/Info.plist;
				LD_RUNPATH_SEARCH_PATHS = (
					"$(inherited)",
					"@executable_path/Frameworks",
				);
				PRODUCT_BUNDLE_IDENTIFIER = com.shawnbierman.Login;
				PRODUCT_NAME = "$(TARGET_NAME)";
				SWIFT_VERSION = 5.0;
				TARGETED_DEVICE_FAMILY = "1,2";
			};
			name = Release;
		};
		1F8D5425244660690040EA01 /* Debug */ = {
			isa = XCBuildConfiguration;
			buildSettings = {
				ALWAYS_EMBED_SWIFT_STANDARD_LIBRARIES = YES;
				BUNDLE_LOADER = "$(TEST_HOST)";
				CODE_SIGN_STYLE = Automatic;
				DEVELOPMENT_TEAM = TQPTGGXQ34;
				INFOPLIST_FILE = LoginTests/Info.plist;
				IPHONEOS_DEPLOYMENT_TARGET = 13.4;
				LD_RUNPATH_SEARCH_PATHS = (
					"$(inherited)",
					"@executable_path/Frameworks",
					"@loader_path/Frameworks",
				);
				PRODUCT_BUNDLE_IDENTIFIER = com.shawnbierman.LoginTests;
				PRODUCT_NAME = "$(TARGET_NAME)";
				SWIFT_VERSION = 5.0;
				TARGETED_DEVICE_FAMILY = "1,2";
				TEST_HOST = "$(BUILT_PRODUCTS_DIR)/Login.app/Login";
			};
			name = Debug;
		};
		1F8D5426244660690040EA01 /* Release */ = {
			isa = XCBuildConfiguration;
			buildSettings = {
				ALWAYS_EMBED_SWIFT_STANDARD_LIBRARIES = YES;
				BUNDLE_LOADER = "$(TEST_HOST)";
				CODE_SIGN_STYLE = Automatic;
				DEVELOPMENT_TEAM = TQPTGGXQ34;
				INFOPLIST_FILE = LoginTests/Info.plist;
				IPHONEOS_DEPLOYMENT_TARGET = 13.4;
				LD_RUNPATH_SEARCH_PATHS = (
					"$(inherited)",
					"@executable_path/Frameworks",
					"@loader_path/Frameworks",
				);
				PRODUCT_BUNDLE_IDENTIFIER = com.shawnbierman.LoginTests;
				PRODUCT_NAME = "$(TARGET_NAME)";
				SWIFT_VERSION = 5.0;
				TARGETED_DEVICE_FAMILY = "1,2";
				TEST_HOST = "$(BUILT_PRODUCTS_DIR)/Login.app/Login";
			};
			name = Release;
		};
		1F8D5428244660690040EA01 /* Debug */ = {
			isa = XCBuildConfiguration;
			buildSettings = {
				ALWAYS_EMBED_SWIFT_STANDARD_LIBRARIES = YES;
				CODE_SIGN_STYLE = Automatic;
				DEVELOPMENT_TEAM = TQPTGGXQ34;
				INFOPLIST_FILE = LoginUITests/Info.plist;
				LD_RUNPATH_SEARCH_PATHS = (
					"$(inherited)",
					"@executable_path/Frameworks",
					"@loader_path/Frameworks",
				);
				PRODUCT_BUNDLE_IDENTIFIER = com.shawnbierman.LoginUITests;
				PRODUCT_NAME = "$(TARGET_NAME)";
				SWIFT_VERSION = 5.0;
				TARGETED_DEVICE_FAMILY = "1,2";
				TEST_TARGET_NAME = Login;
			};
			name = Debug;
		};
		1F8D5429244660690040EA01 /* Release */ = {
			isa = XCBuildConfiguration;
			buildSettings = {
				ALWAYS_EMBED_SWIFT_STANDARD_LIBRARIES = YES;
				CODE_SIGN_STYLE = Automatic;
				DEVELOPMENT_TEAM = TQPTGGXQ34;
				INFOPLIST_FILE = LoginUITests/Info.plist;
				LD_RUNPATH_SEARCH_PATHS = (
					"$(inherited)",
					"@executable_path/Frameworks",
					"@loader_path/Frameworks",
				);
				PRODUCT_BUNDLE_IDENTIFIER = com.shawnbierman.LoginUITests;
				PRODUCT_NAME = "$(TARGET_NAME)";
				SWIFT_VERSION = 5.0;
				TARGETED_DEVICE_FAMILY = "1,2";
				TEST_TARGET_NAME = Login;
			};
			name = Release;
		};
/* End XCBuildConfiguration section */

/* Begin XCConfigurationList section */
		1F8D53F2244660670040EA01 /* Build configuration list for PBXProject "Login" */ = {
			isa = XCConfigurationList;
			buildConfigurations = (
				1F8D541F244660690040EA01 /* Debug */,
				1F8D5420244660690040EA01 /* Release */,
			);
			defaultConfigurationIsVisible = 0;
			defaultConfigurationName = Release;
		};
		1F8D5421244660690040EA01 /* Build configuration list for PBXNativeTarget "Login" */ = {
			isa = XCConfigurationList;
			buildConfigurations = (
				1F8D5422244660690040EA01 /* Debug */,
				1F8D5423244660690040EA01 /* Release */,
			);
			defaultConfigurationIsVisible = 0;
			defaultConfigurationName = Release;
		};
		1F8D5424244660690040EA01 /* Build configuration list for PBXNativeTarget "LoginTests" */ = {
			isa = XCConfigurationList;
			buildConfigurations = (
				1F8D5425244660690040EA01 /* Debug */,
				1F8D5426244660690040EA01 /* Release */,
			);
			defaultConfigurationIsVisible = 0;
			defaultConfigurationName = Release;
		};
		1F8D5427244660690040EA01 /* Build configuration list for PBXNativeTarget "LoginUITests" */ = {
			isa = XCConfigurationList;
			buildConfigurations = (
				1F8D5428244660690040EA01 /* Debug */,
				1F8D5429244660690040EA01 /* Release */,
			);
			defaultConfigurationIsVisible = 0;
			defaultConfigurationName = Release;
		};
/* End XCConfigurationList section */
	};
	rootObject = 1F8D53EF244660670040EA01 /* Project object */;
}
